
Microsoft Visual Studio Solution File, Format Version 12.00
# Visual Studio Version 16
VisualStudioVersion = 16.0.29905.134
MinimumVisualStudioVersion = 10.0.40219.1
Project("{FAE04EC0-301F-11D3-BF4B-00C04F79EFBC}") = "Project1", "Project1\Project1.csproj", "{7A69DFB3-6874-4FC4-A6BD-CD130CA26EFF}"
EndProject
Global
	GlobalSection(SolutionConfigurationPlatforms) = preSolution
		Debug|Any CPU = Debug|Any CPU
		Release|Any CPU = Release|Any CPU
	EndGlobalSection
	GlobalSection(ProjectConfigurationPlatforms) = postSolution
		{7A69DFB3-6874-4FC4-A6BD-CD130CA26EFF}.Debug|Any CPU.ActiveCfg = Debug|Any CPU
		{7A69DFB3-6874-4FC4-A6BD-CD130CA26EFF}.Debug|Any CPU.Build.0 = Debug|Any CPU
		{7A69DFB3-6874-4FC4-A6BD-CD130CA26EFF}.Release|Any CPU.ActiveCfg = Release|Any CPU
		{7A69DFB3-6874-4FC4-A6BD-CD130CA26EFF}.Release|Any CPU.Build.0 = Release|Any CPU
	EndGlobalSection
	GlobalSection(SolutionProperties) = preSolution
		HideSolutionNode = FALSE
	EndGlobalSection
	GlobalSection(ExtensibilityGlobals) = postSolution
		SolutionGuid = {E35205BE-FD79-43F5-BB27-C90618C5A88B}
	EndGlobalSection
EndGlobal
