
Microsoft Visual Studio Solution File, Format Version 12.00
# Visual Studio Version 16
VisualStudioVersion = 16.0.29920.165
MinimumVisualStudioVersion = 10.0.40219.1
Project("{FAE04EC0-301F-11D3-BF4B-00C04F79EFBC}") = "订单系统", "订单系统\订单系统.csproj", "{71450A4E-27A4-475D-B23E-7AF4A71C97F3}"
EndProject
Global
	GlobalSection(SolutionConfigurationPlatforms) = preSolution
		Debug|Any CPU = Debug|Any CPU
		Release|Any CPU = Release|Any CPU
	EndGlobalSection
	GlobalSection(ProjectConfigurationPlatforms) = postSolution
		{71450A4E-27A4-475D-B23E-7AF4A71C97F3}.Debug|Any CPU.ActiveCfg = Debug|Any CPU
		{71450A4E-27A4-475D-B23E-7AF4A71C97F3}.Debug|Any CPU.Build.0 = Debug|Any CPU
		{71450A4E-27A4-475D-B23E-7AF4A71C97F3}.Release|Any CPU.ActiveCfg = Release|Any CPU
		{71450A4E-27A4-475D-B23E-7AF4A71C97F3}.Release|Any CPU.Build.0 = Release|Any CPU
	EndGlobalSection
	GlobalSection(SolutionProperties) = preSolution
		HideSolutionNode = FALSE
	EndGlobalSection
	GlobalSection(ExtensibilityGlobals) = postSolution
		SolutionGuid = {BF5F571B-CE87-46BF-BD2B-A6F273F8D62F}
	EndGlobalSection
EndGlobal
